
Microsoft Visual Studio Solution File, Format Version 12.00
# Visual Studio 14
VisualStudioVersion = 14.0.24720.0
MinimumVisualStudioVersion = 10.0.40219.1
Project("{FAE04EC0-301F-11D3-BF4B-00C04F79EFBC}") = "IHMFR", "FRv1\IHMFR.csproj", "{E9F7B8CB-8FB9-4A1A-AF48-6C6F01D050EF}"
EndProject
Project("{FAE04EC0-301F-11D3-BF4B-00C04F79EFBC}") = "DAO", "DAO\DAO.csproj", "{EC6E10ED-945A-459E-BAE1-F4A90B8870A2}"
EndProject
Project("{FAE04EC0-301F-11D3-BF4B-00C04F79EFBC}") = "ClassesMetiers", "ClassesMetiers\ClassesMetiers.csproj", "{568CFC35-5B5C-4B74-B52B-3B575C8167E2}"
EndProject
Project("{FAE04EC0-301F-11D3-BF4B-00C04F79EFBC}") = "WebServiceFR", "WebServRestFR\WebServiceFR.csproj", "{BF2D7DD8-6F72-40B2-95AE-D29256020093}"
EndProject
Project("{FAE04EC0-301F-11D3-BF4B-00C04F79EFBC}") = "WinPhoneFR", "WinPhoneFR\WinPhoneFR.csproj", "{53169735-E8DF-4707-9AE7-BF479A37B10C}"
EndProject
Project("{FAE04EC0-301F-11D3-BF4B-00C04F79EFBC}") = "ModelWinPhone", "DALWinPhone\ModelWinPhone.csproj", "{6AB7176A-A457-4904-B9AE-508FCFF7C322}"
EndProject
Global
	GlobalSection(SolutionConfigurationPlatforms) = preSolution
		Debug|Any CPU = Debug|Any CPU
		Debug|ARM = Debug|ARM
		Debug|x86 = Debug|x86
		Release|Any CPU = Release|Any CPU
		Release|ARM = Release|ARM
		Release|x86 = Release|x86
	EndGlobalSection
	GlobalSection(ProjectConfigurationPlatforms) = postSolution
		{E9F7B8CB-8FB9-4A1A-AF48-6C6F01D050EF}.Debug|Any CPU.ActiveCfg = Debug|Any CPU
		{E9F7B8CB-8FB9-4A1A-AF48-6C6F01D050EF}.Debug|Any CPU.Build.0 = Debug|Any CPU
		{E9F7B8CB-8FB9-4A1A-AF48-6C6F01D050EF}.Debug|ARM.ActiveCfg = Debug|Any CPU
		{E9F7B8CB-8FB9-4A1A-AF48-6C6F01D050EF}.Debug|ARM.Build.0 = Debug|Any CPU
		{E9F7B8CB-8FB9-4A1A-AF48-6C6F01D050EF}.Debug|x86.ActiveCfg = Debug|Any CPU
		{E9F7B8CB-8FB9-4A1A-AF48-6C6F01D050EF}.Debug|x86.Build.0 = Debug|Any CPU
		{E9F7B8CB-8FB9-4A1A-AF48-6C6F01D050EF}.Release|Any CPU.ActiveCfg = Release|Any CPU
		{E9F7B8CB-8FB9-4A1A-AF48-6C6F01D050EF}.Release|Any CPU.Build.0 = Release|Any CPU
		{E9F7B8CB-8FB9-4A1A-AF48-6C6F01D050EF}.Release|ARM.ActiveCfg = Release|Any CPU
		{E9F7B8CB-8FB9-4A1A-AF48-6C6F01D050EF}.Release|ARM.Build.0 = Release|Any CPU
		{E9F7B8CB-8FB9-4A1A-AF48-6C6F01D050EF}.Release|x86.ActiveCfg = Release|Any CPU
		{E9F7B8CB-8FB9-4A1A-AF48-6C6F01D050EF}.Release|x86.Build.0 = Release|Any CPU
		{EC6E10ED-945A-459E-BAE1-F4A90B8870A2}.Debug|Any CPU.ActiveCfg = Debug|Any CPU
		{EC6E10ED-945A-459E-BAE1-F4A90B8870A2}.Debug|Any CPU.Build.0 = Debug|Any CPU
		{EC6E10ED-945A-459E-BAE1-F4A90B8870A2}.Debug|ARM.ActiveCfg = Debug|Any CPU
		{EC6E10ED-945A-459E-BAE1-F4A90B8870A2}.Debug|ARM.Build.0 = Debug|Any CPU
		{EC6E10ED-945A-459E-BAE1-F4A90B8870A2}.Debug|x86.ActiveCfg = Debug|Any CPU
		{EC6E10ED-945A-459E-BAE1-F4A90B8870A2}.Debug|x86.Build.0 = Debug|Any CPU
		{EC6E10ED-945A-459E-BAE1-F4A90B8870A2}.Release|Any CPU.ActiveCfg = Release|Any CPU
		{EC6E10ED-945A-459E-BAE1-F4A90B8870A2}.Release|Any CPU.Build.0 = Release|Any CPU
		{EC6E10ED-945A-459E-BAE1-F4A90B8870A2}.Release|ARM.ActiveCfg = Release|Any CPU
		{EC6E10ED-945A-459E-BAE1-F4A90B8870A2}.Release|ARM.Build.0 = Release|Any CPU
		{EC6E10ED-945A-459E-BAE1-F4A90B8870A2}.Release|x86.ActiveCfg = Release|Any CPU
		{EC6E10ED-945A-459E-BAE1-F4A90B8870A2}.Release|x86.Build.0 = Release|Any CPU
		{568CFC35-5B5C-4B74-B52B-3B575C8167E2}.Debug|Any CPU.ActiveCfg = Debug|Any CPU
		{568CFC35-5B5C-4B74-B52B-3B575C8167E2}.Debug|Any CPU.Build.0 = Debug|Any CPU
		{568CFC35-5B5C-4B74-B52B-3B575C8167E2}.Debug|ARM.ActiveCfg = Debug|Any CPU
		{568CFC35-5B5C-4B74-B52B-3B575C8167E2}.Debug|ARM.Build.0 = Debug|Any CPU
		{568CFC35-5B5C-4B74-B52B-3B575C8167E2}.Debug|x86.ActiveCfg = Debug|Any CPU
		{568CFC35-5B5C-4B74-B52B-3B575C8167E2}.Debug|x86.Build.0 = Debug|Any CPU
		{568CFC35-5B5C-4B74-B52B-3B575C8167E2}.Release|Any CPU.ActiveCfg = Release|Any CPU
		{568CFC35-5B5C-4B74-B52B-3B575C8167E2}.Release|Any CPU.Build.0 = Release|Any CPU
		{568CFC35-5B5C-4B74-B52B-3B575C8167E2}.Release|ARM.ActiveCfg = Release|Any CPU
		{568CFC35-5B5C-4B74-B52B-3B575C8167E2}.Release|ARM.Build.0 = Release|Any CPU
		{568CFC35-5B5C-4B74-B52B-3B575C8167E2}.Release|x86.ActiveCfg = Release|Any CPU
		{568CFC35-5B5C-4B74-B52B-3B575C8167E2}.Release|x86.Build.0 = Release|Any CPU
		{BF2D7DD8-6F72-40B2-95AE-D29256020093}.Debug|Any CPU.ActiveCfg = Debug|Any CPU
		{BF2D7DD8-6F72-40B2-95AE-D29256020093}.Debug|Any CPU.Build.0 = Debug|Any CPU
		{BF2D7DD8-6F72-40B2-95AE-D29256020093}.Debug|ARM.ActiveCfg = Debug|Any CPU
		{BF2D7DD8-6F72-40B2-95AE-D29256020093}.Debug|ARM.Build.0 = Debug|Any CPU
		{BF2D7DD8-6F72-40B2-95AE-D29256020093}.Debug|x86.ActiveCfg = Debug|Any CPU
		{BF2D7DD8-6F72-40B2-95AE-D29256020093}.Debug|x86.Build.0 = Debug|Any CPU
		{BF2D7DD8-6F72-40B2-95AE-D29256020093}.Release|Any CPU.ActiveCfg = Release|Any CPU
		{BF2D7DD8-6F72-40B2-95AE-D29256020093}.Release|Any CPU.Build.0 = Release|Any CPU
		{BF2D7DD8-6F72-40B2-95AE-D29256020093}.Release|ARM.ActiveCfg = Release|Any CPU
		{BF2D7DD8-6F72-40B2-95AE-D29256020093}.Release|ARM.Build.0 = Release|Any CPU
		{BF2D7DD8-6F72-40B2-95AE-D29256020093}.Release|x86.ActiveCfg = Release|Any CPU
		{BF2D7DD8-6F72-40B2-95AE-D29256020093}.Release|x86.Build.0 = Release|Any CPU
		{53169735-E8DF-4707-9AE7-BF479A37B10C}.Debug|Any CPU.ActiveCfg = Debug|Any CPU
		{53169735-E8DF-4707-9AE7-BF479A37B10C}.Debug|Any CPU.Build.0 = Debug|Any CPU
		{53169735-E8DF-4707-9AE7-BF479A37B10C}.Debug|Any CPU.Deploy.0 = Debug|Any CPU
		{53169735-E8DF-4707-9AE7-BF479A37B10C}.Debug|ARM.ActiveCfg = Debug|ARM
		{53169735-E8DF-4707-9AE7-BF479A37B10C}.Debug|ARM.Build.0 = Debug|ARM
		{53169735-E8DF-4707-9AE7-BF479A37B10C}.Debug|ARM.Deploy.0 = Debug|ARM
		{53169735-E8DF-4707-9AE7-BF479A37B10C}.Debug|x86.ActiveCfg = Debug|x86
		{53169735-E8DF-4707-9AE7-BF479A37B10C}.Debug|x86.Build.0 = Debug|x86
		{53169735-E8DF-4707-9AE7-BF479A37B10C}.Debug|x86.Deploy.0 = Debug|x86
		{53169735-E8DF-4707-9AE7-BF479A37B10C}.Release|Any CPU.ActiveCfg = Release|Any CPU
		{53169735-E8DF-4707-9AE7-BF479A37B10C}.Release|Any CPU.Build.0 = Release|Any CPU
		{53169735-E8DF-4707-9AE7-BF479A37B10C}.Release|Any CPU.Deploy.0 = Release|Any CPU
		{53169735-E8DF-4707-9AE7-BF479A37B10C}.Release|ARM.ActiveCfg = Release|ARM
		{53169735-E8DF-4707-9AE7-BF479A37B10C}.Release|ARM.Build.0 = Release|ARM
		{53169735-E8DF-4707-9AE7-BF479A37B10C}.Release|ARM.Deploy.0 = Release|ARM
		{53169735-E8DF-4707-9AE7-BF479A37B10C}.Release|x86.ActiveCfg = Release|x86
		{53169735-E8DF-4707-9AE7-BF479A37B10C}.Release|x86.Build.0 = Release|x86
		{53169735-E8DF-4707-9AE7-BF479A37B10C}.Release|x86.Deploy.0 = Release|x86
		{6AB7176A-A457-4904-B9AE-508FCFF7C322}.Debug|Any CPU.ActiveCfg = Debug|Any CPU
		{6AB7176A-A457-4904-B9AE-508FCFF7C322}.Debug|Any CPU.Build.0 = Debug|Any CPU
		{6AB7176A-A457-4904-B9AE-508FCFF7C322}.Debug|ARM.ActiveCfg = Debug|Any CPU
		{6AB7176A-A457-4904-B9AE-508FCFF7C322}.Debug|ARM.Build.0 = Debug|Any CPU
		{6AB7176A-A457-4904-B9AE-508FCFF7C322}.Debug|x86.ActiveCfg = Debug|Any CPU
		{6AB7176A-A457-4904-B9AE-508FCFF7C322}.Debug|x86.Build.0 = Debug|Any CPU
		{6AB7176A-A457-4904-B9AE-508FCFF7C322}.Release|Any CPU.ActiveCfg = Release|Any CPU
		{6AB7176A-A457-4904-B9AE-508FCFF7C322}.Release|Any CPU.Build.0 = Release|Any CPU
		{6AB7176A-A457-4904-B9AE-508FCFF7C322}.Release|ARM.ActiveCfg = Release|Any CPU
		{6AB7176A-A457-4904-B9AE-508FCFF7C322}.Release|ARM.Build.0 = Release|Any CPU
		{6AB7176A-A457-4904-B9AE-508FCFF7C322}.Release|x86.ActiveCfg = Release|Any CPU
		{6AB7176A-A457-4904-B9AE-508FCFF7C322}.Release|x86.Build.0 = Release|Any CPU
	EndGlobalSection
	GlobalSection(SolutionProperties) = preSolution
		HideSolutionNode = FALSE
	EndGlobalSection
EndGlobal
